
Microsoft Visual Studio Solution File, Format Version 12.00
Project("{FAE04EC0-301F-11D3-BF4B-00C04F79EFBC}") = "WeatherMonitor.Host", "WeatherMonitor.Host\WeatherMonitor.Host.csproj", "{D0DC2E35-8DFF-4409-9BAD-7889527F918A}"
EndProject
Project("{FAE04EC0-301F-11D3-BF4B-00C04F79EFBC}") = "WeatherMonitor.Domain", "WeatherMonitor.Domain\WeatherMonitor.Domain.csproj", "{8D698C6A-16F8-4F67-840D-7CD75A0CA9EF}"
EndProject
Project("{FAE04EC0-301F-11D3-BF4B-00C04F79EFBC}") = "WeatherMonitor.DI", "WeatherMonitor.DI\WeatherMonitor.DI.csproj", "{A4A54527-E576-4935-8EAF-AFB46B7F4861}"
EndProject
Project("{FAE04EC0-301F-11D3-BF4B-00C04F79EFBC}") = "WeatherMonitor.OpenWeatherMapProvider", "WeatherMonitor.OpenWeatherMapProvider\WeatherMonitor.OpenWeatherMapProvider.csproj", "{CC12EC7B-B46D-4A6B-8C6B-79E3243BEC8D}"
EndProject
Project("{2150E333-8FDC-42A3-9474-1A3956D46DE8}") = "Solution files", "Solution files", "{717C646B-D250-4AEE-BFCF-BDD4A0708C44}"
ProjectSection(SolutionItems) = preProject
	Dockerfile = Dockerfile
	README.md = README.md
	build.sh = build.sh
	Dockerfile.tests = Dockerfile.tests
	test.sh = test.sh
	run.sh = run.sh
	open-swagger.sh = open-swagger.sh
EndProjectSection
EndProject
Project("{FAE04EC0-301F-11D3-BF4B-00C04F79EFBC}") = "WeatherMonitor.KeyValueStore", "WeatherMonitor.KeyValueStore\WeatherMonitor.KeyValueStore.csproj", "{687E18CD-CB5E-4BA2-B690-616D425DB04E}"
EndProject
Project("{FAE04EC0-301F-11D3-BF4B-00C04F79EFBC}") = "WeatherMonitor.Core", "WeatherMonitor.Core\WeatherMonitor.Core.csproj", "{1AD0F514-45E1-4F8E-B664-7D6BFB4DDFCF}"
EndProject
Project("{FAE04EC0-301F-11D3-BF4B-00C04F79EFBC}") = "WeatherMonitor.Infrastructure", "WeatherMonitor.Infrastructure\WeatherMonitor.Infrastructure.csproj", "{105B7A6F-F296-47E1-A0DF-1101D14CC1DE}"
EndProject
Project("{FAE04EC0-301F-11D3-BF4B-00C04F79EFBC}") = "WeatherMonitor.Core.Tests", "WeatherMonitor.Core.Tests\WeatherMonitor.Core.Tests.csproj", "{3C7ADBC8-776B-448D-BEB9-84D6E5950035}"
EndProject
Global
	GlobalSection(SolutionConfigurationPlatforms) = preSolution
		Debug|Any CPU = Debug|Any CPU
		Release|Any CPU = Release|Any CPU
	EndGlobalSection
	GlobalSection(ProjectConfigurationPlatforms) = postSolution
		{D0DC2E35-8DFF-4409-9BAD-7889527F918A}.Debug|Any CPU.ActiveCfg = Debug|Any CPU
		{D0DC2E35-8DFF-4409-9BAD-7889527F918A}.Debug|Any CPU.Build.0 = Debug|Any CPU
		{D0DC2E35-8DFF-4409-9BAD-7889527F918A}.Release|Any CPU.ActiveCfg = Release|Any CPU
		{D0DC2E35-8DFF-4409-9BAD-7889527F918A}.Release|Any CPU.Build.0 = Release|Any CPU
		{8D698C6A-16F8-4F67-840D-7CD75A0CA9EF}.Debug|Any CPU.ActiveCfg = Debug|Any CPU
		{8D698C6A-16F8-4F67-840D-7CD75A0CA9EF}.Debug|Any CPU.Build.0 = Debug|Any CPU
		{8D698C6A-16F8-4F67-840D-7CD75A0CA9EF}.Release|Any CPU.ActiveCfg = Release|Any CPU
		{8D698C6A-16F8-4F67-840D-7CD75A0CA9EF}.Release|Any CPU.Build.0 = Release|Any CPU
		{A4A54527-E576-4935-8EAF-AFB46B7F4861}.Debug|Any CPU.ActiveCfg = Debug|Any CPU
		{A4A54527-E576-4935-8EAF-AFB46B7F4861}.Debug|Any CPU.Build.0 = Debug|Any CPU
		{A4A54527-E576-4935-8EAF-AFB46B7F4861}.Release|Any CPU.ActiveCfg = Release|Any CPU
		{A4A54527-E576-4935-8EAF-AFB46B7F4861}.Release|Any CPU.Build.0 = Release|Any CPU
		{CC12EC7B-B46D-4A6B-8C6B-79E3243BEC8D}.Debug|Any CPU.ActiveCfg = Debug|Any CPU
		{CC12EC7B-B46D-4A6B-8C6B-79E3243BEC8D}.Debug|Any CPU.Build.0 = Debug|Any CPU
		{CC12EC7B-B46D-4A6B-8C6B-79E3243BEC8D}.Release|Any CPU.ActiveCfg = Release|Any CPU
		{CC12EC7B-B46D-4A6B-8C6B-79E3243BEC8D}.Release|Any CPU.Build.0 = Release|Any CPU
		{687E18CD-CB5E-4BA2-B690-616D425DB04E}.Debug|Any CPU.ActiveCfg = Debug|Any CPU
		{687E18CD-CB5E-4BA2-B690-616D425DB04E}.Debug|Any CPU.Build.0 = Debug|Any CPU
		{687E18CD-CB5E-4BA2-B690-616D425DB04E}.Release|Any CPU.ActiveCfg = Release|Any CPU
		{687E18CD-CB5E-4BA2-B690-616D425DB04E}.Release|Any CPU.Build.0 = Release|Any CPU
		{1AD0F514-45E1-4F8E-B664-7D6BFB4DDFCF}.Debug|Any CPU.ActiveCfg = Debug|Any CPU
		{1AD0F514-45E1-4F8E-B664-7D6BFB4DDFCF}.Debug|Any CPU.Build.0 = Debug|Any CPU
		{1AD0F514-45E1-4F8E-B664-7D6BFB4DDFCF}.Release|Any CPU.ActiveCfg = Release|Any CPU
		{1AD0F514-45E1-4F8E-B664-7D6BFB4DDFCF}.Release|Any CPU.Build.0 = Release|Any CPU
		{105B7A6F-F296-47E1-A0DF-1101D14CC1DE}.Debug|Any CPU.ActiveCfg = Debug|Any CPU
		{105B7A6F-F296-47E1-A0DF-1101D14CC1DE}.Debug|Any CPU.Build.0 = Debug|Any CPU
		{105B7A6F-F296-47E1-A0DF-1101D14CC1DE}.Release|Any CPU.ActiveCfg = Release|Any CPU
		{105B7A6F-F296-47E1-A0DF-1101D14CC1DE}.Release|Any CPU.Build.0 = Release|Any CPU
		{3C7ADBC8-776B-448D-BEB9-84D6E5950035}.Debug|Any CPU.ActiveCfg = Debug|Any CPU
		{3C7ADBC8-776B-448D-BEB9-84D6E5950035}.Debug|Any CPU.Build.0 = Debug|Any CPU
		{3C7ADBC8-776B-448D-BEB9-84D6E5950035}.Release|Any CPU.ActiveCfg = Release|Any CPU
		{3C7ADBC8-776B-448D-BEB9-84D6E5950035}.Release|Any CPU.Build.0 = Release|Any CPU
	EndGlobalSection
EndGlobal
